
Microsoft Visual Studio Solution File, Format Version 12.00
Project("{FAE04EC0-301F-11D3-BF4B-00C04F79EFBC}") = "lab_4", "lab_4\lab_4.csproj", "{75CA243B-BC77-4859-82C0-36ED58BB1E18}"
EndProject
Global
	GlobalSection(SolutionConfigurationPlatforms) = preSolution
		Debug|Any CPU = Debug|Any CPU
		Release|Any CPU = Release|Any CPU
	EndGlobalSection
	GlobalSection(ProjectConfigurationPlatforms) = postSolution
		{75CA243B-BC77-4859-82C0-36ED58BB1E18}.Debug|Any CPU.ActiveCfg = Debug|Any CPU
		{75CA243B-BC77-4859-82C0-36ED58BB1E18}.Debug|Any CPU.Build.0 = Debug|Any CPU
		{75CA243B-BC77-4859-82C0-36ED58BB1E18}.Release|Any CPU.ActiveCfg = Release|Any CPU
		{75CA243B-BC77-4859-82C0-36ED58BB1E18}.Release|Any CPU.Build.0 = Release|Any CPU
	EndGlobalSection
EndGlobal
